// !$*UTF8*$!
{
	archiveVersion = 1;
	classes = {
	};
	objectVersion = 46;
	objects = {

/* Begin PBXBuildFile section */
		15A3DA6A1682F886002FB0C5 /* libcocos2dx.a in Frameworks */ = {isa = PBXBuildFile; fileRef = 15A3D8861682F7B3002FB0C5 /* libcocos2dx.a */; };
		15A3DAEB1682F8A6002FB0C5 /* CDAudioManager.m in Sources */ = {isa = PBXBuildFile; fileRef = 15A3DA861682F8A6002FB0C5 /* CDAudioManager.m */; };
		15A3DAEC1682F8A6002FB0C5 /* CDOpenALSupport.m in Sources */ = {isa = PBXBuildFile; fileRef = 15A3DA891682F8A6002FB0C5 /* CDOpenALSupport.m */; };
		15A3DAED1682F8A6002FB0C5 /* CocosDenshion.m in Sources */ = {isa = PBXBuildFile; fileRef = 15A3DA8B1682F8A6002FB0C5 /* CocosDenshion.m */; };
		15A3DAEE1682F8A6002FB0C5 /* SimpleAudioEngine.mm in Sources */ = {isa = PBXBuildFile; fileRef = 15A3DA8C1682F8A6002FB0C5 /* SimpleAudioEngine.mm */; };
		15A3DAEF1682F8A6002FB0C5 /* SimpleAudioEngine_objc.m in Sources */ = {isa = PBXBuildFile; fileRef = 15A3DA8E1682F8A6002FB0C5 /* SimpleAudioEngine_objc.m */; };
		1AB8703C175E0A92005D39BF /* libwebsockets.a in Frameworks */ = {isa = PBXBuildFile; fileRef = 1AB8703B175E0A92005D39BF /* libwebsockets.a */; };
		1AC3624916D4A1E8000847F2 /* AppController.mm in Sources */ = {isa = PBXBuildFile; fileRef = 1AC3624316D4A1E8000847F2 /* AppController.mm */; };
		1AC3624B16D4A1E8000847F2 /* main.m in Sources */ = {isa = PBXBuildFile; fileRef = 1AC3624516D4A1E8000847F2 /* main.m */; };
		1ACB3244164770DE00914215 /* libcurl.a in Frameworks */ = {isa = PBXBuildFile; fileRef = 1ACB3243164770DE00914215 /* libcurl.a */; };
		1AFCDA8216D4A25900906EA6 /* RootViewController.mm in Sources */ = {isa = PBXBuildFile; fileRef = 1AFCDA8116D4A25900906EA6 /* RootViewController.mm */; };
		1D60589F0D05DD5A006BFB54 /* Foundation.framework in Frameworks */ = {isa = PBXBuildFile; fileRef = 1D30AB110D05D00D00671497 /* Foundation.framework */; };
		1DF5F4E00D08C38300B7A737 /* UIKit.framework in Frameworks */ = {isa = PBXBuildFile; fileRef = 1DF5F4DF0D08C38300B7A737 /* UIKit.framework */; };
		288765A50DF7441C002DB57D /* CoreGraphics.framework in Frameworks */ = {isa = PBXBuildFile; fileRef = 288765A40DF7441C002DB57D /* CoreGraphics.framework */; };
		8CC953B118AF365D00D62EFC /* AppDelegate.cpp in Sources */ = {isa = PBXBuildFile; fileRef = 8CC9539D18AF365D00D62EFC /* AppDelegate.cpp */; };
		8CC953B218AF365D00D62EFC /* GameManager.cpp in Sources */ = {isa = PBXBuildFile; fileRef = 8CC9539F18AF365D00D62EFC /* GameManager.cpp */; };
		8CC953B318AF365D00D62EFC /* GameScene.cpp in Sources */ = {isa = PBXBuildFile; fileRef = 8CC953A118AF365D00D62EFC /* GameScene.cpp */; };
		8CC953B418AF365D00D62EFC /* LGLayer.cpp in Sources */ = {isa = PBXBuildFile; fileRef = 8CC953A318AF365D00D62EFC /* LGLayer.cpp */; };
		8CC953B518AF365D00D62EFC /* LGMenuItemImage.cpp in Sources */ = {isa = PBXBuildFile; fileRef = 8CC953A518AF365D00D62EFC /* LGMenuItemImage.cpp */; };
		8CC953B618AF365D00D62EFC /* LoadingScene.cpp in Sources */ = {isa = PBXBuildFile; fileRef = 8CC953A718AF365D00D62EFC /* LoadingScene.cpp */; };
		8CC953B718AF365D00D62EFC /* MainScene.cpp in Sources */ = {isa = PBXBuildFile; fileRef = 8CC953A918AF365D00D62EFC /* MainScene.cpp */; };
		8CC953B818AF365D00D62EFC /* NativeBridge.cpp in Sources */ = {isa = PBXBuildFile; fileRef = 8CC953AB18AF365D00D62EFC /* NativeBridge.cpp */; };
		8CC953B918AF365D00D62EFC /* QuitScene.cpp in Sources */ = {isa = PBXBuildFile; fileRef = 8CC953AD18AF365D00D62EFC /* QuitScene.cpp */; };
		8CC953BA18AF365D00D62EFC /* Util.cpp in Sources */ = {isa = PBXBuildFile; fileRef = 8CC953AF18AF365D00D62EFC /* Util.cpp */; };
		8CC953DD18AF368F00D62EFC /* bg_score.png in Resources */ = {isa = PBXBuildFile; fileRef = 8CC953BB18AF368E00D62EFC /* bg_score.png */; };
		8CC953DE18AF368F00D62EFC /* bg1.jpg in Resources */ = {isa = PBXBuildFile; fileRef = 8CC953BC18AF368E00D62EFC /* bg1.jpg */; };
		8CC953DF18AF368F00D62EFC /* bg2.jpg in Resources */ = {isa = PBXBuildFile; fileRef = 8CC953BD18AF368E00D62EFC /* bg2.jpg */; };
		8CC953E018AF368F00D62EFC /* fonts in Resources */ = {isa = PBXBuildFile; fileRef = 8CC953BE18AF368E00D62EFC /* fonts */; };
		8CC953E118AF368F00D62EFC /* hint.png in Resources */ = {isa = PBXBuildFile; fileRef = 8CC953BF18AF368E00D62EFC /* hint.png */; };
		8CC953E218AF368F00D62EFC /* loading.png in Resources */ = {isa = PBXBuildFile; fileRef = 8CC953C018AF368E00D62EFC /* loading.png */; };
		8CC953E318AF368F00D62EFC /* menu.png in Resources */ = {isa = PBXBuildFile; fileRef = 8CC953C118AF368E00D62EFC /* menu.png */; };
		8CC953E418AF368F00D62EFC /* more.png in Resources */ = {isa = PBXBuildFile; fileRef = 8CC953C218AF368E00D62EFC /* more.png */; };
		8CC953E518AF368F00D62EFC /* new.png in Resources */ = {isa = PBXBuildFile; fileRef = 8CC953C318AF368E00D62EFC /* new.png */; };
		8CC953E618AF368F00D62EFC /* pause.png in Resources */ = {isa = PBXBuildFile; fileRef = 8CC953C418AF368E00D62EFC /* pause.png */; };
		8CC953E718AF368F00D62EFC /* pigs.plist in Resources */ = {isa = PBXBuildFile; fileRef = 8CC953C518AF368E00D62EFC /* pigs.plist */; };
		8CC953E818AF368F00D62EFC /* pigs.png in Resources */ = {isa = PBXBuildFile; fileRef = 8CC953C618AF368E00D62EFC /* pigs.png */; };
		8CC953E918AF368F00D62EFC /* pillar.png in Resources */ = {isa = PBXBuildFile; fileRef = 8CC953C718AF368E00D62EFC /* pillar.png */; };
		8CC953EA18AF368F00D62EFC /* play.png in Resources */ = {isa = PBXBuildFile; fileRef = 8CC953C818AF368E00D62EFC /* play.png */; };
		8CC953EB18AF368F00D62EFC /* quit_more.png in Resources */ = {isa = PBXBuildFile; fileRef = 8CC953C918AF368E00D62EFC /* quit_more.png */; };
		8CC953EC18AF368F00D62EFC /* quit_no.png in Resources */ = {isa = PBXBuildFile; fileRef = 8CC953CA18AF368E00D62EFC /* quit_no.png */; };
		8CC953ED18AF368F00D62EFC /* quit_title.png in Resources */ = {isa = PBXBuildFile; fileRef = 8CC953CB18AF368E00D62EFC /* quit_title.png */; };
		8CC953EE18AF368F00D62EFC /* quit_yes.png in Resources */ = {isa = PBXBuildFile; fileRef = 8CC953CC18AF368E00D62EFC /* quit_yes.png */; };
		8CC953EF18AF368F00D62EFC /* rank.png in Resources */ = {isa = PBXBuildFile; fileRef = 8CC953CD18AF368E00D62EFC /* rank.png */; };
		8CC953F018AF368F00D62EFC /* rate_bg.png in Resources */ = {isa = PBXBuildFile; fileRef = 8CC953CE18AF368E00D62EFC /* rate_bg.png */; };
		8CC953F118AF368F00D62EFC /* rate_later.png in Resources */ = {isa = PBXBuildFile; fileRef = 8CC953CF18AF368E00D62EFC /* rate_later.png */; };
		8CC953F218AF368F00D62EFC /* rate_rate.png in Resources */ = {isa = PBXBuildFile; fileRef = 8CC953D018AF368E00D62EFC /* rate_rate.png */; };
		8CC953F318AF368F00D62EFC /* retry.png in Resources */ = {isa = PBXBuildFile; fileRef = 8CC953D118AF368E00D62EFC /* retry.png */; };
		8CC953F918AF368F00D62EFC /* sound_off.png in Resources */ = {isa = PBXBuildFile; fileRef = 8CC953D718AF368E00D62EFC /* sound_off.png */; };
		8CC953FA18AF368F00D62EFC /* sound_on.png in Resources */ = {isa = PBXBuildFile; fileRef = 8CC953D818AF368E00D62EFC /* sound_on.png */; };
		8CC953FB18AF368F00D62EFC /* title_over.png in Resources */ = {isa = PBXBuildFile; fileRef = 8CC953D918AF368E00D62EFC /* title_over.png */; };
		8CC953FC18AF368F00D62EFC /* title_pause.png in Resources */ = {isa = PBXBuildFile; fileRef = 8CC953DA18AF368E00D62EFC /* title_pause.png */; };
		8CC953FD18AF368F00D62EFC /* title_ready.png in Resources */ = {isa = PBXBuildFile; fileRef = 8CC953DB18AF368E00D62EFC /* title_ready.png */; };
		8CC953FE18AF368F00D62EFC /* title.png in Resources */ = {isa = PBXBuildFile; fileRef = 8CC953DC18AF368F00D62EFC /* title.png */; };
		8CC9540C18AF376200D62EFC /* libGoogleAdMobAds.a in Frameworks */ = {isa = PBXBuildFile; fileRef = 8CC9540B18AF376200D62EFC /* libGoogleAdMobAds.a */; };
		8CC9540F18AF377D00D62EFC /* libChartboost.a in Frameworks */ = {isa = PBXBuildFile; fileRef = 8CC9540E18AF377D00D62EFC /* libChartboost.a */; };
		8CC9541218AF379400D62EFC /* libFlurry_4.3.0.a in Frameworks */ = {isa = PBXBuildFile; fileRef = 8CC9541118AF379400D62EFC /* libFlurry_4.3.0.a */; };
		8CC9541518AF37CF00D62EFC /* IOSPlatformCallback.m in Sources */ = {isa = PBXBuildFile; fileRef = 8CC9541418AF37CF00D62EFC /* IOSPlatformCallback.m */; };
		8CC9541718AF38CC00D62EFC /* MessageUI.framework in Frameworks */ = {isa = PBXBuildFile; fileRef = 8CC9541618AF38CC00D62EFC /* MessageUI.framework */; };
		8CC9541918AF38D500D62EFC /* SystemConfiguration.framework in Frameworks */ = {isa = PBXBuildFile; fileRef = 8CC9541818AF38D500D62EFC /* SystemConfiguration.framework */; };
		8CC9541B18AF38DC00D62EFC /* AdSupport.framework in Frameworks */ = {isa = PBXBuildFile; fileRef = 8CC9541A18AF38DC00D62EFC /* AdSupport.framework */; };
		8CC9541D18AF38FD00D62EFC /* StoreKit.framework in Frameworks */ = {isa = PBXBuildFile; fileRef = 8CC9541C18AF38FD00D62EFC /* StoreKit.framework */; };
		8CC9541F18AF390200D62EFC /* Security.framework in Frameworks */ = {isa = PBXBuildFile; fileRef = 8CC9541E18AF390200D62EFC /* Security.framework */; };
		8CC9542518AF3E2000D62EFC /* sfx_die.mp3 in Resources */ = {isa = PBXBuildFile; fileRef = 8CC9542018AF3E2000D62EFC /* sfx_die.mp3 */; };
		8CC9542618AF3E2000D62EFC /* sfx_hit.mp3 in Resources */ = {isa = PBXBuildFile; fileRef = 8CC9542118AF3E2000D62EFC /* sfx_hit.mp3 */; };
		8CC9542718AF3E2000D62EFC /* sfx_point.mp3 in Resources */ = {isa = PBXBuildFile; fileRef = 8CC9542218AF3E2000D62EFC /* sfx_point.mp3 */; };
		8CC9542818AF3E2000D62EFC /* sfx_swooshing.mp3 in Resources */ = {isa = PBXBuildFile; fileRef = 8CC9542318AF3E2000D62EFC /* sfx_swooshing.mp3 */; };
		8CC9542918AF3E2000D62EFC /* sfx_wing.mp3 in Resources */ = {isa = PBXBuildFile; fileRef = 8CC9542418AF3E2000D62EFC /* sfx_wing.mp3 */; };
		BF171245129291EC00B8313A /* OpenGLES.framework in Frameworks */ = {isa = PBXBuildFile; fileRef = BF170DB012928DE900B8313A /* OpenGLES.framework */; };
		BF1712461292920000B8313A /* libxml2.dylib in Frameworks */ = {isa = PBXBuildFile; fileRef = BF170DB212928DE900B8313A /* libxml2.dylib */; };
		BF1712471292920000B8313A /* libz.dylib in Frameworks */ = {isa = PBXBuildFile; fileRef = BF170DB412928DE900B8313A /* libz.dylib */; };
		BF1C47F01293687400B63C5D /* QuartzCore.framework in Frameworks */ = {isa = PBXBuildFile; fileRef = BF1C47EA1293683800B63C5D /* QuartzCore.framework */; };
		D44C620C132DFF330009C878 /* OpenAL.framework in Frameworks */ = {isa = PBXBuildFile; fileRef = D44C620B132DFF330009C878 /* OpenAL.framework */; };
		D44C620E132DFF430009C878 /* AVFoundation.framework in Frameworks */ = {isa = PBXBuildFile; fileRef = D44C620D132DFF430009C878 /* AVFoundation.framework */; };
		D44C6210132DFF4E0009C878 /* AudioToolbox.framework in Frameworks */ = {isa = PBXBuildFile; fileRef = D44C620F132DFF4E0009C878 /* AudioToolbox.framework */; };
		D4EF949A15BD2D8B00D803EB /* Icon-57.png in Resources */ = {isa = PBXBuildFile; fileRef = D4EF949915BD2D8B00D803EB /* Icon-57.png */; };
		D4EF949C15BD2D8E00D803EB /* Icon-114.png in Resources */ = {isa = PBXBuildFile; fileRef = D4EF949B15BD2D8E00D803EB /* Icon-114.png */; };
		D4EF949E15BD2D9600D803EB /* Icon-72.png in Resources */ = {isa = PBXBuildFile; fileRef = D4EF949D15BD2D9600D803EB /* Icon-72.png */; };
		D4EF94A015BD2D9800D803EB /* Icon-144.png in Resources */ = {isa = PBXBuildFile; fileRef = D4EF949F15BD2D9800D803EB /* Icon-144.png */; };
/* End PBXBuildFile section */

/* Begin PBXContainerItemProxy section */
		15A3D8851682F7B3002FB0C5 /* PBXContainerItemProxy */ = {
			isa = PBXContainerItemProxy;
			containerPortal = 15A3D87E1682F7B3002FB0C5 /* cocos2dx.xcodeproj */;
			proxyType = 2;
			remoteGlobalIDString = 1551A33F158F2AB200E66CFE;
			remoteInfo = cocos2dx;
		};
		15A3DA681682F881002FB0C5 /* PBXContainerItemProxy */ = {
			isa = PBXContainerItemProxy;
			containerPortal = 15A3D87E1682F7B3002FB0C5 /* cocos2dx.xcodeproj */;
			proxyType = 1;
			remoteGlobalIDString = 1551A33E158F2AB200E66CFE;
			remoteInfo = cocos2dx;
		};
/* End PBXContainerItemProxy section */

/* Begin PBXFileReference section */
		15A3D87E1682F7B3002FB0C5 /* cocos2dx.xcodeproj */ = {isa = PBXFileReference; lastKnownFileType = "wrapper.pb-project"; name = cocos2dx.xcodeproj; path = ../../../cocos2dx/proj.ios/cocos2dx.xcodeproj; sourceTree = "<group>"; };
		15A3DA821682F8A6002FB0C5 /* Export.h */ = {isa = PBXFileReference; fileEncoding = 4; lastKnownFileType = sourcecode.c.h; path = Export.h; sourceTree = "<group>"; };
		15A3DA831682F8A6002FB0C5 /* SimpleAudioEngine.h */ = {isa = PBXFileReference; fileEncoding = 4; lastKnownFileType = sourcecode.c.h; path = SimpleAudioEngine.h; sourceTree = "<group>"; };
		15A3DA851682F8A6002FB0C5 /* CDAudioManager.h */ = {isa = PBXFileReference; fileEncoding = 4; lastKnownFileType = sourcecode.c.h; path = CDAudioManager.h; sourceTree = "<group>"; };
		15A3DA861682F8A6002FB0C5 /* CDAudioManager.m */ = {isa = PBXFileReference; fileEncoding = 4; lastKnownFileType = sourcecode.c.objc; path = CDAudioManager.m; sourceTree = "<group>"; };
		15A3DA871682F8A6002FB0C5 /* CDConfig.h */ = {isa = PBXFileReference; fileEncoding = 4; lastKnownFileType = sourcecode.c.h; path = CDConfig.h; sourceTree = "<group>"; };
		15A3DA881682F8A6002FB0C5 /* CDOpenALSupport.h */ = {isa = PBXFileReference; fileEncoding = 4; lastKnownFileType = sourcecode.c.h; path = CDOpenALSupport.h; sourceTree = "<group>"; };
		15A3DA891682F8A6002FB0C5 /* CDOpenALSupport.m */ = {isa = PBXFileReference; fileEncoding = 4; lastKnownFileType = sourcecode.c.objc; path = CDOpenALSupport.m; sourceTree = "<group>"; };
		15A3DA8A1682F8A6002FB0C5 /* CocosDenshion.h */ = {isa = PBXFileReference; fileEncoding = 4; lastKnownFileType = sourcecode.c.h; path = CocosDenshion.h; sourceTree = "<group>"; };
		15A3DA8B1682F8A6002FB0C5 /* CocosDenshion.m */ = {isa = PBXFileReference; fileEncoding = 4; lastKnownFileType = sourcecode.c.objc; path = CocosDenshion.m; sourceTree = "<group>"; };
		15A3DA8C1682F8A6002FB0C5 /* SimpleAudioEngine.mm */ = {isa = PBXFileReference; fileEncoding = 4; lastKnownFileType = sourcecode.cpp.objcpp; path = SimpleAudioEngine.mm; sourceTree = "<group>"; };
		15A3DA8D1682F8A6002FB0C5 /* SimpleAudioEngine_objc.h */ = {isa = PBXFileReference; fileEncoding = 4; lastKnownFileType = sourcecode.c.h; path = SimpleAudioEngine_objc.h; sourceTree = "<group>"; };
		15A3DA8E1682F8A6002FB0C5 /* SimpleAudioEngine_objc.m */ = {isa = PBXFileReference; fileEncoding = 4; lastKnownFileType = sourcecode.c.objc; path = SimpleAudioEngine_objc.m; sourceTree = "<group>"; };
		1AB87039175E0A92005D39BF /* libwebsockets.h */ = {isa = PBXFileReference; fileEncoding = 4; lastKnownFileType = sourcecode.c.h; path = libwebsockets.h; sourceTree = "<group>"; };
		1AB8703B175E0A92005D39BF /* libwebsockets.a */ = {isa = PBXFileReference; lastKnownFileType = archive.ar; path = libwebsockets.a; sourceTree = "<group>"; };
		1AC3624216D4A1E8000847F2 /* AppController.h */ = {isa = PBXFileReference; fileEncoding = 4; lastKnownFileType = sourcecode.c.h; path = AppController.h; sourceTree = SOURCE_ROOT; };
		1AC3624316D4A1E8000847F2 /* AppController.mm */ = {isa = PBXFileReference; fileEncoding = 4; lastKnownFileType = sourcecode.cpp.objcpp; path = AppController.mm; sourceTree = SOURCE_ROOT; };
		1AC3624516D4A1E8000847F2 /* main.m */ = {isa = PBXFileReference; fileEncoding = 4; lastKnownFileType = sourcecode.c.objc; path = main.m; sourceTree = SOURCE_ROOT; };
		1AC3624616D4A1E8000847F2 /* Prefix.pch */ = {isa = PBXFileReference; fileEncoding = 4; lastKnownFileType = sourcecode.c.h; path = Prefix.pch; sourceTree = SOURCE_ROOT; };
		1ACB3243164770DE00914215 /* libcurl.a */ = {isa = PBXFileReference; lastKnownFileType = archive.ar; name = libcurl.a; path = ../../cocos2dx/platform/third_party/ios/libraries/libcurl.a; sourceTree = "<group>"; };
		1AFCDA8016D4A25900906EA6 /* RootViewController.h */ = {isa = PBXFileReference; fileEncoding = 4; lastKnownFileType = sourcecode.c.h; path = RootViewController.h; sourceTree = SOURCE_ROOT; };
		1AFCDA8116D4A25900906EA6 /* RootViewController.mm */ = {isa = PBXFileReference; fileEncoding = 4; lastKnownFileType = sourcecode.cpp.objcpp; path = RootViewController.mm; sourceTree = SOURCE_ROOT; };
		1D30AB110D05D00D00671497 /* Foundation.framework */ = {isa = PBXFileReference; lastKnownFileType = wrapper.framework; name = Foundation.framework; path = System/Library/Frameworks/Foundation.framework; sourceTree = SDKROOT; };
		1D6058910D05DD3D006BFB54 /* Flappy Pig.app */ = {isa = PBXFileReference; explicitFileType = wrapper.application; includeInIndex = 0; path = "Flappy Pig.app"; sourceTree = BUILT_PRODUCTS_DIR; };
		1DF5F4DF0D08C38300B7A737 /* UIKit.framework */ = {isa = PBXFileReference; lastKnownFileType = wrapper.framework; name = UIKit.framework; path = System/Library/Frameworks/UIKit.framework; sourceTree = SDKROOT; };
		288765A40DF7441C002DB57D /* CoreGraphics.framework */ = {isa = PBXFileReference; lastKnownFileType = wrapper.framework; name = CoreGraphics.framework; path = System/Library/Frameworks/CoreGraphics.framework; sourceTree = SDKROOT; };
		8CC9539D18AF365D00D62EFC /* AppDelegate.cpp */ = {isa = PBXFileReference; fileEncoding = 4; lastKnownFileType = sourcecode.cpp.cpp; name = AppDelegate.cpp; path = ../Classes/AppDelegate.cpp; sourceTree = "<group>"; };
		8CC9539E18AF365D00D62EFC /* AppDelegate.h */ = {isa = PBXFileReference; fileEncoding = 4; lastKnownFileType = sourcecode.c.h; name = AppDelegate.h; path = ../Classes/AppDelegate.h; sourceTree = "<group>"; };
		8CC9539F18AF365D00D62EFC /* GameManager.cpp */ = {isa = PBXFileReference; fileEncoding = 4; lastKnownFileType = sourcecode.cpp.cpp; name = GameManager.cpp; path = ../Classes/GameManager.cpp; sourceTree = "<group>"; };
		8CC953A018AF365D00D62EFC /* GameManager.h */ = {isa = PBXFileReference; fileEncoding = 4; lastKnownFileType = sourcecode.c.h; name = GameManager.h; path = ../Classes/GameManager.h; sourceTree = "<group>"; };
		8CC953A118AF365D00D62EFC /* GameScene.cpp */ = {isa = PBXFileReference; fileEncoding = 4; lastKnownFileType = sourcecode.cpp.cpp; name = GameScene.cpp; path = ../Classes/GameScene.cpp; sourceTree = "<group>"; };
		8CC953A218AF365D00D62EFC /* GameScene.h */ = {isa = PBXFileReference; fileEncoding = 4; lastKnownFileType = sourcecode.c.h; name = GameScene.h; path = ../Classes/GameScene.h; sourceTree = "<group>"; };
		8CC953A318AF365D00D62EFC /* LGLayer.cpp */ = {isa = PBXFileReference; fileEncoding = 4; lastKnownFileType = sourcecode.cpp.cpp; name = LGLayer.cpp; path = ../Classes/LGLayer.cpp; sourceTree = "<group>"; };
		8CC953A418AF365D00D62EFC /* LGLayer.h */ = {isa = PBXFileReference; fileEncoding = 4; lastKnownFileType = sourcecode.c.h; name = LGLayer.h; path = ../Classes/LGLayer.h; sourceTree = "<group>"; };
		8CC953A518AF365D00D62EFC /* LGMenuItemImage.cpp */ = {isa = PBXFileReference; fileEncoding = 4; lastKnownFileType = sourcecode.cpp.cpp; name = LGMenuItemImage.cpp; path = ../Classes/LGMenuItemImage.cpp; sourceTree = "<group>"; };
		8CC953A618AF365D00D62EFC /* LGMenuItemImage.h */ = {isa = PBXFileReference; fileEncoding = 4; lastKnownFileType = sourcecode.c.h; name = LGMenuItemImage.h; path = ../Classes/LGMenuItemImage.h; sourceTree = "<group>"; };
		8CC953A718AF365D00D62EFC /* LoadingScene.cpp */ = {isa = PBXFileReference; fileEncoding = 4; lastKnownFileType = sourcecode.cpp.cpp; name = LoadingScene.cpp; path = ../Classes/LoadingScene.cpp; sourceTree = "<group>"; };
		8CC953A818AF365D00D62EFC /* LoadingScene.h */ = {isa = PBXFileReference; fileEncoding = 4; lastKnownFileType = sourcecode.c.h; name = LoadingScene.h; path = ../Classes/LoadingScene.h; sourceTree = "<group>"; };
		8CC953A918AF365D00D62EFC /* MainScene.cpp */ = {isa = PBXFileReference; fileEncoding = 4; lastKnownFileType = sourcecode.cpp.cpp; name = MainScene.cpp; path = ../Classes/MainScene.cpp; sourceTree = "<group>"; };
		8CC953AA18AF365D00D62EFC /* MainScene.h */ = {isa = PBXFileReference; fileEncoding = 4; lastKnownFileType = sourcecode.c.h; name = MainScene.h; path = ../Classes/MainScene.h; sourceTree = "<group>"; };
		8CC953AB18AF365D00D62EFC /* NativeBridge.cpp */ = {isa = PBXFileReference; fileEncoding = 4; lastKnownFileType = sourcecode.cpp.cpp; name = NativeBridge.cpp; path = ../Classes/NativeBridge.cpp; sourceTree = "<group>"; };
		8CC953AC18AF365D00D62EFC /* NativeBridge.h */ = {isa = PBXFileReference; fileEncoding = 4; lastKnownFileType = sourcecode.c.h; name = NativeBridge.h; path = ../Classes/NativeBridge.h; sourceTree = "<group>"; };
		8CC953AD18AF365D00D62EFC /* QuitScene.cpp */ = {isa = PBXFileReference; fileEncoding = 4; lastKnownFileType = sourcecode.cpp.cpp; name = QuitScene.cpp; path = ../Classes/QuitScene.cpp; sourceTree = "<group>"; };
		8CC953AE18AF365D00D62EFC /* QuitScene.h */ = {isa = PBXFileReference; fileEncoding = 4; lastKnownFileType = sourcecode.c.h; name = QuitScene.h; path = ../Classes/QuitScene.h; sourceTree = "<group>"; };
		8CC953AF18AF365D00D62EFC /* Util.cpp */ = {isa = PBXFileReference; fileEncoding = 4; lastKnownFileType = sourcecode.cpp.cpp; name = Util.cpp; path = ../Classes/Util.cpp; sourceTree = "<group>"; };
		8CC953B018AF365D00D62EFC /* Util.h */ = {isa = PBXFileReference; fileEncoding = 4; lastKnownFileType = sourcecode.c.h; name = Util.h; path = ../Classes/Util.h; sourceTree = "<group>"; };
		8CC953BB18AF368E00D62EFC /* bg_score.png */ = {isa = PBXFileReference; lastKnownFileType = image.png; path = bg_score.png; sourceTree = "<group>"; };
		8CC953BC18AF368E00D62EFC /* bg1.jpg */ = {isa = PBXFileReference; lastKnownFileType = image.jpeg; path = bg1.jpg; sourceTree = "<group>"; };
		8CC953BD18AF368E00D62EFC /* bg2.jpg */ = {isa = PBXFileReference; lastKnownFileType = image.jpeg; path = bg2.jpg; sourceTree = "<group>"; };
		8CC953BE18AF368E00D62EFC /* fonts */ = {isa = PBXFileReference; lastKnownFileType = folder; path = fonts; sourceTree = "<group>"; };
		8CC953BF18AF368E00D62EFC /* hint.png */ = {isa = PBXFileReference; lastKnownFileType = image.png; path = hint.png; sourceTree = "<group>"; };
		8CC953C018AF368E00D62EFC /* loading.png */ = {isa = PBXFileReference; lastKnownFileType = image.png; path = loading.png; sourceTree = "<group>"; };
		8CC953C118AF368E00D62EFC /* menu.png */ = {isa = PBXFileReference; lastKnownFileType = image.png; path = menu.png; sourceTree = "<group>"; };
		8CC953C218AF368E00D62EFC /* more.png */ = {isa = PBXFileReference; lastKnownFileType = image.png; path = more.png; sourceTree = "<group>"; };
		8CC953C318AF368E00D62EFC /* new.png */ = {isa = PBXFileReference; lastKnownFileType = image.png; path = new.png; sourceTree = "<group>"; };
		8CC953C418AF368E00D62EFC /* pause.png */ = {isa = PBXFileReference; lastKnownFileType = image.png; path = pause.png; sourceTree = "<group>"; };
		8CC953C518AF368E00D62EFC /* pigs.plist */ = {isa = PBXFileReference; fileEncoding = 4; lastKnownFileType = text.plist.xml; path = pigs.plist; sourceTree = "<group>"; };
		8CC953C618AF368E00D62EFC /* pigs.png */ = {isa = PBXFileReference; lastKnownFileType = image.png; path = pigs.png; sourceTree = "<group>"; };
		8CC953C718AF368E00D62EFC /* pillar.png */ = {isa = PBXFileReference; lastKnownFileType = image.png; path = pillar.png; sourceTree = "<group>"; };
		8CC953C818AF368E00D62EFC /* play.png */ = {isa = PBXFileReference; lastKnownFileType = image.png; path = play.png; sourceTree = "<group>"; };
		8CC953C918AF368E00D62EFC /* quit_more.png */ = {isa = PBXFileReference; lastKnownFileType = image.png; path = quit_more.png; sourceTree = "<group>"; };
		8CC953CA18AF368E00D62EFC /* quit_no.png */ = {isa = PBXFileReference; lastKnownFileType = image.png; path = quit_no.png; sourceTree = "<group>"; };
		8CC953CB18AF368E00D62EFC /* quit_title.png */ = {isa = PBXFileReference; lastKnownFileType = image.png; path = quit_title.png; sourceTree = "<group>"; };
		8CC953CC18AF368E00D62EFC /* quit_yes.png */ = {isa = PBXFileReference; lastKnownFileType = image.png; path = quit_yes.png; sourceTree = "<group>"; };
		8CC953CD18AF368E00D62EFC /* rank.png */ = {isa = PBXFileReference; lastKnownFileType = image.png; path = rank.png; sourceTree = "<group>"; };
		8CC953CE18AF368E00D62EFC /* rate_bg.png */ = {isa = PBXFileReference; lastKnownFileType = image.png; path = rate_bg.png; sourceTree = "<group>"; };
		8CC953CF18AF368E00D62EFC /* rate_later.png */ = {isa = PBXFileReference; lastKnownFileType = image.png; path = rate_later.png; sourceTree = "<group>"; };
		8CC953D018AF368E00D62EFC /* rate_rate.png */ = {isa = PBXFileReference; lastKnownFileType = image.png; path = rate_rate.png; sourceTree = "<group>"; };
		8CC953D118AF368E00D62EFC /* retry.png */ = {isa = PBXFileReference; lastKnownFileType = image.png; path = retry.png; sourceTree = "<group>"; };
		8CC953D718AF368E00D62EFC /* sound_off.png */ = {isa = PBXFileReference; lastKnownFileType = image.png; path = sound_off.png; sourceTree = "<group>"; };
		8CC953D818AF368E00D62EFC /* sound_on.png */ = {isa = PBXFileReference; lastKnownFileType = image.png; path = sound_on.png; sourceTree = "<group>"; };
		8CC953D918AF368E00D62EFC /* title_over.png */ = {isa = PBXFileReference; lastKnownFileType = image.png; path = title_over.png; sourceTree = "<group>"; };
		8CC953DA18AF368E00D62EFC /* title_pause.png */ = {isa = PBXFileReference; lastKnownFileType = image.png; path = title_pause.png; sourceTree = "<group>"; };
		8CC953DB18AF368E00D62EFC /* title_ready.png */ = {isa = PBXFileReference; lastKnownFileType = image.png; path = title_ready.png; sourceTree = "<group>"; };
		8CC953DC18AF368F00D62EFC /* title.png */ = {isa = PBXFileReference; lastKnownFileType = image.png; path = title.png; sourceTree = "<group>"; };
		8CC9540218AF376200D62EFC /* GADAdMobExtras.h */ = {isa = PBXFileReference; fileEncoding = 4; lastKnownFileType = sourcecode.c.h; path = GADAdMobExtras.h; sourceTree = SOURCE_ROOT; };
		8CC9540318AF376200D62EFC /* GADAdNetworkExtras.h */ = {isa = PBXFileReference; fileEncoding = 4; lastKnownFileType = sourcecode.c.h; path = GADAdNetworkExtras.h; sourceTree = SOURCE_ROOT; };
		8CC9540418AF376200D62EFC /* GADAdSize.h */ = {isa = PBXFileReference; fileEncoding = 4; lastKnownFileType = sourcecode.c.h; path = GADAdSize.h; sourceTree = SOURCE_ROOT; };
		8CC9540518AF376200D62EFC /* GADBannerView.h */ = {isa = PBXFileReference; fileEncoding = 4; lastKnownFileType = sourcecode.c.h; path = GADBannerView.h; sourceTree = SOURCE_ROOT; };
		8CC9540618AF376200D62EFC /* GADBannerViewDelegate.h */ = {isa = PBXFileReference; fileEncoding = 4; lastKnownFileType = sourcecode.c.h; path = GADBannerViewDelegate.h; sourceTree = SOURCE_ROOT; };
		8CC9540718AF376200D62EFC /* GADInterstitial.h */ = {isa = PBXFileReference; fileEncoding = 4; lastKnownFileType = sourcecode.c.h; path = GADInterstitial.h; sourceTree = SOURCE_ROOT; };
		8CC9540818AF376200D62EFC /* GADInterstitialDelegate.h */ = {isa = PBXFileReference; fileEncoding = 4; lastKnownFileType = sourcecode.c.h; path = GADInterstitialDelegate.h; sourceTree = SOURCE_ROOT; };
		8CC9540918AF376200D62EFC /* GADRequest.h */ = {isa = PBXFileReference; fileEncoding = 4; lastKnownFileType = sourcecode.c.h; path = GADRequest.h; sourceTree = SOURCE_ROOT; };
		8CC9540A18AF376200D62EFC /* GADRequestError.h */ = {isa = PBXFileReference; fileEncoding = 4; lastKnownFileType = sourcecode.c.h; path = GADRequestError.h; sourceTree = SOURCE_ROOT; };
		8CC9540B18AF376200D62EFC /* libGoogleAdMobAds.a */ = {isa = PBXFileReference; lastKnownFileType = archive.ar; path = libGoogleAdMobAds.a; sourceTree = SOURCE_ROOT; };
		8CC9540D18AF377D00D62EFC /* Chartboost.h */ = {isa = PBXFileReference; fileEncoding = 4; lastKnownFileType = sourcecode.c.h; path = Chartboost.h; sourceTree = SOURCE_ROOT; };
		8CC9540E18AF377D00D62EFC /* libChartboost.a */ = {isa = PBXFileReference; lastKnownFileType = archive.ar; path = libChartboost.a; sourceTree = SOURCE_ROOT; };
		8CC9541018AF379400D62EFC /* Flurry.h */ = {isa = PBXFileReference; fileEncoding = 4; lastKnownFileType = sourcecode.c.h; path = Flurry.h; sourceTree = SOURCE_ROOT; };
		8CC9541118AF379400D62EFC /* libFlurry_4.3.0.a */ = {isa = PBXFileReference; lastKnownFileType = archive.ar; path = libFlurry_4.3.0.a; sourceTree = SOURCE_ROOT; };
		8CC9541318AF37CF00D62EFC /* IOSPlatformCallback.h */ = {isa = PBXFileReference; fileEncoding = 4; lastKnownFileType = sourcecode.c.h; path = IOSPlatformCallback.h; sourceTree = SOURCE_ROOT; };
		8CC9541418AF37CF00D62EFC /* IOSPlatformCallback.m */ = {isa = PBXFileReference; fileEncoding = 4; lastKnownFileType = sourcecode.c.objc; path = IOSPlatformCallback.m; sourceTree = SOURCE_ROOT; };
		8CC9541618AF38CC00D62EFC /* MessageUI.framework */ = {isa = PBXFileReference; lastKnownFileType = wrapper.framework; name = MessageUI.framework; path = System/Library/Frameworks/MessageUI.framework; sourceTree = SDKROOT; };
		8CC9541818AF38D500D62EFC /* SystemConfiguration.framework */ = {isa = PBXFileReference; lastKnownFileType = wrapper.framework; name = SystemConfiguration.framework; path = System/Library/Frameworks/SystemConfiguration.framework; sourceTree = SDKROOT; };
		8CC9541A18AF38DC00D62EFC /* AdSupport.framework */ = {isa = PBXFileReference; lastKnownFileType = wrapper.framework; name = AdSupport.framework; path = System/Library/Frameworks/AdSupport.framework; sourceTree = SDKROOT; };
		8CC9541C18AF38FD00D62EFC /* StoreKit.framework */ = {isa = PBXFileReference; lastKnownFileType = wrapper.framework; name = StoreKit.framework; path = System/Library/Frameworks/StoreKit.framework; sourceTree = SDKROOT; };
		8CC9541E18AF390200D62EFC /* Security.framework */ = {isa = PBXFileReference; lastKnownFileType = wrapper.framework; name = Security.framework; path = System/Library/Frameworks/Security.framework; sourceTree = SDKROOT; };
		8CC9542018AF3E2000D62EFC /* sfx_die.mp3 */ = {isa = PBXFileReference; lastKnownFileType = audio.mp3; path = sfx_die.mp3; sourceTree = SOURCE_ROOT; };
		8CC9542118AF3E2000D62EFC /* sfx_hit.mp3 */ = {isa = PBXFileReference; lastKnownFileType = audio.mp3; path = sfx_hit.mp3; sourceTree = SOURCE_ROOT; };
		8CC9542218AF3E2000D62EFC /* sfx_point.mp3 */ = {isa = PBXFileReference; lastKnownFileType = audio.mp3; path = sfx_point.mp3; sourceTree = SOURCE_ROOT; };
		8CC9542318AF3E2000D62EFC /* sfx_swooshing.mp3 */ = {isa = PBXFileReference; lastKnownFileType = audio.mp3; path = sfx_swooshing.mp3; sourceTree = SOURCE_ROOT; };
		8CC9542418AF3E2000D62EFC /* sfx_wing.mp3 */ = {isa = PBXFileReference; lastKnownFileType = audio.mp3; path = sfx_wing.mp3; sourceTree = SOURCE_ROOT; };
		BF170DB012928DE900B8313A /* OpenGLES.framework */ = {isa = PBXFileReference; lastKnownFileType = wrapper.framework; name = OpenGLES.framework; path = System/Library/Frameworks/OpenGLES.framework; sourceTree = SDKROOT; };
		BF170DB212928DE900B8313A /* libxml2.dylib */ = {isa = PBXFileReference; lastKnownFileType = "compiled.mach-o.dylib"; name = libxml2.dylib; path = usr/lib/libxml2.dylib; sourceTree = SDKROOT; };
		BF170DB412928DE900B8313A /* libz.dylib */ = {isa = PBXFileReference; lastKnownFileType = "compiled.mach-o.dylib"; name = libz.dylib; path = usr/lib/libz.dylib; sourceTree = SDKROOT; };
		BF1C47EA1293683800B63C5D /* QuartzCore.framework */ = {isa = PBXFileReference; lastKnownFileType = wrapper.framework; name = QuartzCore.framework; path = System/Library/Frameworks/QuartzCore.framework; sourceTree = SDKROOT; };
		D44C620B132DFF330009C878 /* OpenAL.framework */ = {isa = PBXFileReference; lastKnownFileType = wrapper.framework; name = OpenAL.framework; path = System/Library/Frameworks/OpenAL.framework; sourceTree = SDKROOT; };
		D44C620D132DFF430009C878 /* AVFoundation.framework */ = {isa = PBXFileReference; lastKnownFileType = wrapper.framework; name = AVFoundation.framework; path = System/Library/Frameworks/AVFoundation.framework; sourceTree = SDKROOT; };
		D44C620F132DFF4E0009C878 /* AudioToolbox.framework */ = {isa = PBXFileReference; lastKnownFileType = wrapper.framework; name = AudioToolbox.framework; path = System/Library/Frameworks/AudioToolbox.framework; sourceTree = SDKROOT; };
		D4EF949915BD2D8B00D803EB /* Icon-57.png */ = {isa = PBXFileReference; lastKnownFileType = image.png; name = "Icon-57.png"; path = "../proj.ios/Icon-57.png"; sourceTree = "<group>"; };
		D4EF949B15BD2D8E00D803EB /* Icon-114.png */ = {isa = PBXFileReference; lastKnownFileType = image.png; name = "Icon-114.png"; path = "../proj.ios/Icon-114.png"; sourceTree = "<group>"; };
		D4EF949D15BD2D9600D803EB /* Icon-72.png */ = {isa = PBXFileReference; lastKnownFileType = image.png; name = "Icon-72.png"; path = "../proj.ios/Icon-72.png"; sourceTree = "<group>"; };
		D4EF949F15BD2D9800D803EB /* Icon-144.png */ = {isa = PBXFileReference; lastKnownFileType = image.png; name = "Icon-144.png"; path = "../proj.ios/Icon-144.png"; sourceTree = "<group>"; };
		D4F9F37B12E54555005CA6D2 /* Info.plist */ = {isa = PBXFileReference; fileEncoding = 4; lastKnownFileType = text.plist.xml; path = Info.plist; sourceTree = SOURCE_ROOT; };
/* End PBXFileReference section */

/* Begin PBXFrameworksBuildPhase section */
		1D60588F0D05DD3D006BFB54 /* Frameworks */ = {
			isa = PBXFrameworksBuildPhase;
			buildActionMask = 2147483647;
			files = (
				8CC9541F18AF390200D62EFC /* Security.framework in Frameworks */,
				8CC9541D18AF38FD00D62EFC /* StoreKit.framework in Frameworks */,
				8CC9541B18AF38DC00D62EFC /* AdSupport.framework in Frameworks */,
				8CC9541918AF38D500D62EFC /* SystemConfiguration.framework in Frameworks */,
				8CC9541718AF38CC00D62EFC /* MessageUI.framework in Frameworks */,
				15A3DA6A1682F886002FB0C5 /* libcocos2dx.a in Frameworks */,
				1ACB3244164770DE00914215 /* libcurl.a in Frameworks */,
				1D60589F0D05DD5A006BFB54 /* Foundation.framework in Frameworks */,
				1DF5F4E00D08C38300B7A737 /* UIKit.framework in Frameworks */,
				8CC9540F18AF377D00D62EFC /* libChartboost.a in Frameworks */,
				288765A50DF7441C002DB57D /* CoreGraphics.framework in Frameworks */,
				BF171245129291EC00B8313A /* OpenGLES.framework in Frameworks */,
				BF1712461292920000B8313A /* libxml2.dylib in Frameworks */,
				BF1712471292920000B8313A /* libz.dylib in Frameworks */,
				BF1C47F01293687400B63C5D /* QuartzCore.framework in Frameworks */,
				D44C620C132DFF330009C878 /* OpenAL.framework in Frameworks */,
				D44C620E132DFF430009C878 /* AVFoundation.framework in Frameworks */,
				8CC9540C18AF376200D62EFC /* libGoogleAdMobAds.a in Frameworks */,
				8CC9541218AF379400D62EFC /* libFlurry_4.3.0.a in Frameworks */,
				D44C6210132DFF4E0009C878 /* AudioToolbox.framework in Frameworks */,
				1AB8703C175E0A92005D39BF /* libwebsockets.a in Frameworks */,
			);
			runOnlyForDeploymentPostprocessing = 0;
		};
/* End PBXFrameworksBuildPhase section */

/* Begin PBXGroup section */
		080E96DDFE201D6D7F000001 /* ios */ = {
			isa = PBXGroup;
			children = (
				8CC9540018AF372600D62EFC /* AdMob */,
				8CC9540118AF373000D62EFC /* Chartboost */,
				8CC953FF18AF371A00D62EFC /* flurry */,
				1AC3624216D4A1E8000847F2 /* AppController.h */,
				1AC3624316D4A1E8000847F2 /* AppController.mm */,
				D4F9F37B12E54555005CA6D2 /* Info.plist */,
				1AC3624516D4A1E8000847F2 /* main.m */,
				1AC3624616D4A1E8000847F2 /* Prefix.pch */,
				1AFCDA8016D4A25900906EA6 /* RootViewController.h */,
				1AFCDA8116D4A25900906EA6 /* RootViewController.mm */,
				8CC9541318AF37CF00D62EFC /* IOSPlatformCallback.h */,
				8CC9541418AF37CF00D62EFC /* IOSPlatformCallback.m */,
			);
			name = ios;
			path = Classes;
			sourceTree = "<group>";
		};
		15A3D87F1682F7B3002FB0C5 /* Products */ = {
			isa = PBXGroup;
			children = (
				15A3D8861682F7B3002FB0C5 /* libcocos2dx.a */,
			);
			name = Products;
			sourceTree = "<group>";
		};
		15A3DA6B1682F8A6002FB0C5 /* CocosDenshion */ = {
			isa = PBXGroup;
			children = (
				15A3DA811682F8A6002FB0C5 /* include */,
				15A3DA841682F8A6002FB0C5 /* ios */,
			);
			name = CocosDenshion;
			path = ../../../CocosDenshion;
			sourceTree = "<group>";
		};
		15A3DA811682F8A6002FB0C5 /* include */ = {
			isa = PBXGroup;
			children = (
				15A3DA821682F8A6002FB0C5 /* Export.h */,
				15A3DA831682F8A6002FB0C5 /* SimpleAudioEngine.h */,
			);
			path = include;
			sourceTree = "<group>";
		};
		15A3DA841682F8A6002FB0C5 /* ios */ = {
			isa = PBXGroup;
			children = (
				15A3DA851682F8A6002FB0C5 /* CDAudioManager.h */,
				15A3DA861682F8A6002FB0C5 /* CDAudioManager.m */,
				15A3DA871682F8A6002FB0C5 /* CDConfig.h */,
				15A3DA881682F8A6002FB0C5 /* CDOpenALSupport.h */,
				15A3DA891682F8A6002FB0C5 /* CDOpenALSupport.m */,
				15A3DA8A1682F8A6002FB0C5 /* CocosDenshion.h */,
				15A3DA8B1682F8A6002FB0C5 /* CocosDenshion.m */,
				15A3DA8C1682F8A6002FB0C5 /* SimpleAudioEngine.mm */,
				15A3DA8D1682F8A6002FB0C5 /* SimpleAudioEngine_objc.h */,
				15A3DA8E1682F8A6002FB0C5 /* SimpleAudioEngine_objc.m */,
			);
			path = ios;
			sourceTree = "<group>";
		};
		15AA9C4015B7EC450033D6C2 /* Classes */ = {
			isa = PBXGroup;
			children = (
				8CC9539D18AF365D00D62EFC /* AppDelegate.cpp */,
				8CC9539E18AF365D00D62EFC /* AppDelegate.h */,
				8CC9539F18AF365D00D62EFC /* GameManager.cpp */,
				8CC953A018AF365D00D62EFC /* GameManager.h */,
				8CC953A118AF365D00D62EFC /* GameScene.cpp */,
				8CC953A218AF365D00D62EFC /* GameScene.h */,
				8CC953A318AF365D00D62EFC /* LGLayer.cpp */,
				8CC953A418AF365D00D62EFC /* LGLayer.h */,
				8CC953A518AF365D00D62EFC /* LGMenuItemImage.cpp */,
				8CC953A618AF365D00D62EFC /* LGMenuItemImage.h */,
				8CC953A718AF365D00D62EFC /* LoadingScene.cpp */,
				8CC953A818AF365D00D62EFC /* LoadingScene.h */,
				8CC953A918AF365D00D62EFC /* MainScene.cpp */,
				8CC953AA18AF365D00D62EFC /* MainScene.h */,
				8CC953AB18AF365D00D62EFC /* NativeBridge.cpp */,
				8CC953AC18AF365D00D62EFC /* NativeBridge.h */,
				8CC953AD18AF365D00D62EFC /* QuitScene.cpp */,
				8CC953AE18AF365D00D62EFC /* QuitScene.h */,
				8CC953AF18AF365D00D62EFC /* Util.cpp */,
				8CC953B018AF365D00D62EFC /* Util.h */,
			);
			name = Classes;
			path = ../classes;
			sourceTree = "<group>";
		};
		19C28FACFE9D520D11CA2CBB /* Products */ = {
			isa = PBXGroup;
			children = (
				1D6058910D05DD3D006BFB54 /* Flappy Pig.app */,
			);
			name = Products;
			sourceTree = "<group>";
		};
		1AB87036175E0A92005D39BF /* libwebsockets */ = {
			isa = PBXGroup;
			children = (
				1AB87037175E0A92005D39BF /* ios */,
			);
			name = libwebsockets;
			path = ../../../external/libwebsockets;
			sourceTree = "<group>";
		};
		1AB87037175E0A92005D39BF /* ios */ = {
			isa = PBXGroup;
			children = (
				1AB87038175E0A92005D39BF /* include */,
				1AB8703A175E0A92005D39BF /* lib */,
			);
			path = ios;
			sourceTree = "<group>";
		};
		1AB87038175E0A92005D39BF /* include */ = {
			isa = PBXGroup;
			children = (
				1AB87039175E0A92005D39BF /* libwebsockets.h */,
			);
			path = include;
			sourceTree = "<group>";
		};
		1AB8703A175E0A92005D39BF /* lib */ = {
			isa = PBXGroup;
			children = (
				1AB8703B175E0A92005D39BF /* libwebsockets.a */,
			);
			path = lib;
			sourceTree = "<group>";
		};
		29B97314FDCFA39411CA2CEA /* CustomTemplate */ = {
			isa = PBXGroup;
			children = (
				15A3D87E1682F7B3002FB0C5 /* cocos2dx.xcodeproj */,
				15AA9C4015B7EC450033D6C2 /* Classes */,
				15A3DA6B1682F8A6002FB0C5 /* CocosDenshion */,
				29B97323FDCFA39411CA2CEA /* Frameworks */,
				080E96DDFE201D6D7F000001 /* ios */,
				1AB87036175E0A92005D39BF /* libwebsockets */,
				19C28FACFE9D520D11CA2CBB /* Products */,
				78C7DDAA14EBA5050085D0C2 /* Resources */,
			);
			name = CustomTemplate;
			sourceTree = "<group>";
		};
		29B97323FDCFA39411CA2CEA /* Frameworks */ = {
			isa = PBXGroup;
			children = (
				8CC9541E18AF390200D62EFC /* Security.framework */,
				8CC9541C18AF38FD00D62EFC /* StoreKit.framework */,
				8CC9541A18AF38DC00D62EFC /* AdSupport.framework */,
				8CC9541818AF38D500D62EFC /* SystemConfiguration.framework */,
				8CC9541618AF38CC00D62EFC /* MessageUI.framework */,
				1ACB3243164770DE00914215 /* libcurl.a */,
				BF170DB212928DE900B8313A /* libxml2.dylib */,
				BF170DB412928DE900B8313A /* libz.dylib */,
				D44C620F132DFF4E0009C878 /* AudioToolbox.framework */,
				D44C620D132DFF430009C878 /* AVFoundation.framework */,
				288765A40DF7441C002DB57D /* CoreGraphics.framework */,
				1D30AB110D05D00D00671497 /* Foundation.framework */,
				D44C620B132DFF330009C878 /* OpenAL.framework */,
				BF170DB012928DE900B8313A /* OpenGLES.framework */,
				BF1C47EA1293683800B63C5D /* QuartzCore.framework */,
				1DF5F4DF0D08C38300B7A737 /* UIKit.framework */,
			);
			name = Frameworks;
			sourceTree = "<group>";
		};
		78C7DDAA14EBA5050085D0C2 /* Resources */ = {
			isa = PBXGroup;
			children = (
				8CC9542018AF3E2000D62EFC /* sfx_die.mp3 */,
				8CC9542118AF3E2000D62EFC /* sfx_hit.mp3 */,
				8CC9542218AF3E2000D62EFC /* sfx_point.mp3 */,
				8CC9542318AF3E2000D62EFC /* sfx_swooshing.mp3 */,
				8CC9542418AF3E2000D62EFC /* sfx_wing.mp3 */,
				D4EF949B15BD2D8E00D803EB /* Icon-114.png */,
				D4EF949F15BD2D9800D803EB /* Icon-144.png */,
				D4EF949915BD2D8B00D803EB /* Icon-57.png */,
				D4EF949D15BD2D9600D803EB /* Icon-72.png */,
				8CC953BB18AF368E00D62EFC /* bg_score.png */,
				8CC953BC18AF368E00D62EFC /* bg1.jpg */,
				8CC953BD18AF368E00D62EFC /* bg2.jpg */,
				8CC953BE18AF368E00D62EFC /* fonts */,
				8CC953BF18AF368E00D62EFC /* hint.png */,
				8CC953C018AF368E00D62EFC /* loading.png */,
				8CC953C118AF368E00D62EFC /* menu.png */,
				8CC953C218AF368E00D62EFC /* more.png */,
				8CC953C318AF368E00D62EFC /* new.png */,
				8CC953C418AF368E00D62EFC /* pause.png */,
				8CC953C518AF368E00D62EFC /* pigs.plist */,
				8CC953C618AF368E00D62EFC /* pigs.png */,
				8CC953C718AF368E00D62EFC /* pillar.png */,
				8CC953C818AF368E00D62EFC /* play.png */,
				8CC953C918AF368E00D62EFC /* quit_more.png */,
				8CC953CA18AF368E00D62EFC /* quit_no.png */,
				8CC953CB18AF368E00D62EFC /* quit_title.png */,
				8CC953CC18AF368E00D62EFC /* quit_yes.png */,
				8CC953CD18AF368E00D62EFC /* rank.png */,
				8CC953CE18AF368E00D62EFC /* rate_bg.png */,
				8CC953CF18AF368E00D62EFC /* rate_later.png */,
				8CC953D018AF368E00D62EFC /* rate_rate.png */,
				8CC953D118AF368E00D62EFC /* retry.png */,
				8CC953D718AF368E00D62EFC /* sound_off.png */,
				8CC953D818AF368E00D62EFC /* sound_on.png */,
				8CC953D918AF368E00D62EFC /* title_over.png */,
				8CC953DA18AF368E00D62EFC /* title_pause.png */,
				8CC953DB18AF368E00D62EFC /* title_ready.png */,
				8CC953DC18AF368F00D62EFC /* title.png */,
			);
			name = Resources;
			path = ../Resources;
			sourceTree = "<group>";
		};
		8CC953FF18AF371A00D62EFC /* flurry */ = {
			isa = PBXGroup;
			children = (
				8CC9541018AF379400D62EFC /* Flurry.h */,
				8CC9541118AF379400D62EFC /* libFlurry_4.3.0.a */,
			);
			name = flurry;
			sourceTree = "<group>";
		};
		8CC9540018AF372600D62EFC /* AdMob */ = {
			isa = PBXGroup;
			children = (
				8CC9540218AF376200D62EFC /* GADAdMobExtras.h */,
				8CC9540318AF376200D62EFC /* GADAdNetworkExtras.h */,
				8CC9540418AF376200D62EFC /* GADAdSize.h */,
				8CC9540518AF376200D62EFC /* GADBannerView.h */,
				8CC9540618AF376200D62EFC /* GADBannerViewDelegate.h */,
				8CC9540718AF376200D62EFC /* GADInterstitial.h */,
				8CC9540818AF376200D62EFC /* GADInterstitialDelegate.h */,
				8CC9540918AF376200D62EFC /* GADRequest.h */,
				8CC9540A18AF376200D62EFC /* GADRequestError.h */,
				8CC9540B18AF376200D62EFC /* libGoogleAdMobAds.a */,
			);
			name = AdMob;
			sourceTree = "<group>";
		};
		8CC9540118AF373000D62EFC /* Chartboost */ = {
			isa = PBXGroup;
			children = (
				8CC9540D18AF377D00D62EFC /* Chartboost.h */,
				8CC9540E18AF377D00D62EFC /* libChartboost.a */,
			);
			name = Chartboost;
			sourceTree = "<group>";
		};
/* End PBXGroup section */

/* Begin PBXNativeTarget section */
		1D6058900D05DD3D006BFB54 /* flypig */ = {
			isa = PBXNativeTarget;
			buildConfigurationList = 1D6058960D05DD3E006BFB54 /* Build configuration list for PBXNativeTarget "flypig" */;
			buildPhases = (
				1D60588D0D05DD3D006BFB54 /* Resources */,
				1D60588E0D05DD3D006BFB54 /* Sources */,
				1D60588F0D05DD3D006BFB54 /* Frameworks */,
			);
			buildRules = (
			);
			dependencies = (
				15A3DA691682F881002FB0C5 /* PBXTargetDependency */,
			);
			name = flypig;
			productName = iphone;
			productReference = 1D6058910D05DD3D006BFB54 /* Flappy Pig.app */;
			productType = "com.apple.product-type.application";
		};
/* End PBXNativeTarget section */

/* Begin PBXProject section */
		29B97313FDCFA39411CA2CEA /* Project object */ = {
			isa = PBXProject;
			attributes = {
				LastUpgradeCheck = 0430;
				TargetAttributes = {
					1D6058900D05DD3D006BFB54 = {
						DevelopmentTeam = BLTNAQB6NZ;
					};
				};
			};
			buildConfigurationList = C01FCF4E08A954540054247B /* Build configuration list for PBXProject "flypig" */;
			compatibilityVersion = "Xcode 3.2";
			developmentRegion = English;
			hasScannedForEncodings = 1;
			knownRegions = (
				English,
				Japanese,
				French,
				German,
			);
			mainGroup = 29B97314FDCFA39411CA2CEA /* CustomTemplate */;
			projectDirPath = "";
			projectReferences = (
				{
					ProductGroup = 15A3D87F1682F7B3002FB0C5 /* Products */;
					ProjectRef = 15A3D87E1682F7B3002FB0C5 /* cocos2dx.xcodeproj */;
				},
			);
			projectRoot = "";
			targets = (
				1D6058900D05DD3D006BFB54 /* flypig */,
			);
		};
/* End PBXProject section */

/* Begin PBXReferenceProxy section */
		15A3D8861682F7B3002FB0C5 /* libcocos2dx.a */ = {
			isa = PBXReferenceProxy;
			fileType = archive.ar;
			path = libcocos2dx.a;
			remoteRef = 15A3D8851682F7B3002FB0C5 /* PBXContainerItemProxy */;
			sourceTree = BUILT_PRODUCTS_DIR;
		};
/* End PBXReferenceProxy section */

/* Begin PBXResourcesBuildPhase section */
		1D60588D0D05DD3D006BFB54 /* Resources */ = {
			isa = PBXResourcesBuildPhase;
			buildActionMask = 2147483647;
			files = (
				8CC953EE18AF368F00D62EFC /* quit_yes.png in Resources */,
				D4EF949A15BD2D8B00D803EB /* Icon-57.png in Resources */,
				8CC953FE18AF368F00D62EFC /* title.png in Resources */,
				8CC953FB18AF368F00D62EFC /* title_over.png in Resources */,
				8CC953F018AF368F00D62EFC /* rate_bg.png in Resources */,
				8CC953E418AF368F00D62EFC /* more.png in Resources */,
				8CC953E618AF368F00D62EFC /* pause.png in Resources */,
				8CC9542718AF3E2000D62EFC /* sfx_point.mp3 in Resources */,
				8CC953DF18AF368F00D62EFC /* bg2.jpg in Resources */,
				8CC953F118AF368F00D62EFC /* rate_later.png in Resources */,
				D4EF949C15BD2D8E00D803EB /* Icon-114.png in Resources */,
				8CC953EB18AF368F00D62EFC /* quit_more.png in Resources */,
				D4EF949E15BD2D9600D803EB /* Icon-72.png in Resources */,
				8CC953F318AF368F00D62EFC /* retry.png in Resources */,
				8CC953DD18AF368F00D62EFC /* bg_score.png in Resources */,
				8CC953FD18AF368F00D62EFC /* title_ready.png in Resources */,
				8CC953E718AF368F00D62EFC /* pigs.plist in Resources */,
				8CC9542818AF3E2000D62EFC /* sfx_swooshing.mp3 in Resources */,
				8CC953E818AF368F00D62EFC /* pigs.png in Resources */,
				8CC953DE18AF368F00D62EFC /* bg1.jpg in Resources */,
				8CC9542918AF3E2000D62EFC /* sfx_wing.mp3 in Resources */,
				8CC953E118AF368F00D62EFC /* hint.png in Resources */,
				8CC953E518AF368F00D62EFC /* new.png in Resources */,
				8CC953FA18AF368F00D62EFC /* sound_on.png in Resources */,
				8CC953EA18AF368F00D62EFC /* play.png in Resources */,
				8CC953F918AF368F00D62EFC /* sound_off.png in Resources */,
				8CC953E018AF368F00D62EFC /* fonts in Resources */,
				8CC953ED18AF368F00D62EFC /* quit_title.png in Resources */,
				8CC953FC18AF368F00D62EFC /* title_pause.png in Resources */,
				8CC953EC18AF368F00D62EFC /* quit_no.png in Resources */,
				8CC9542618AF3E2000D62EFC /* sfx_hit.mp3 in Resources */,
				8CC953F218AF368F00D62EFC /* rate_rate.png in Resources */,
				8CC953E918AF368F00D62EFC /* pillar.png in Resources */,
				8CC953E318AF368F00D62EFC /* menu.png in Resources */,
				8CC9542518AF3E2000D62EFC /* sfx_die.mp3 in Resources */,
				8CC953E218AF368F00D62EFC /* loading.png in Resources */,
				D4EF94A015BD2D9800D803EB /* Icon-144.png in Resources */,
				8CC953EF18AF368F00D62EFC /* rank.png in Resources */,
			);
			runOnlyForDeploymentPostprocessing = 0;
		};
/* End PBXResourcesBuildPhase section */

/* Begin PBXSourcesBuildPhase section */
		1D60588E0D05DD3D006BFB54 /* Sources */ = {
			isa = PBXSourcesBuildPhase;
			buildActionMask = 2147483647;
			files = (
				15A3DAEB1682F8A6002FB0C5 /* CDAudioManager.m in Sources */,
				8CC953B918AF365D00D62EFC /* QuitScene.cpp in Sources */,
				8CC953B718AF365D00D62EFC /* MainScene.cpp in Sources */,
				15A3DAEC1682F8A6002FB0C5 /* CDOpenALSupport.m in Sources */,
				8CC953B518AF365D00D62EFC /* LGMenuItemImage.cpp in Sources */,
				8CC953B118AF365D00D62EFC /* AppDelegate.cpp in Sources */,
				15A3DAED1682F8A6002FB0C5 /* CocosDenshion.m in Sources */,
				8CC9541518AF37CF00D62EFC /* IOSPlatformCallback.m in Sources */,
				8CC953B418AF365D00D62EFC /* LGLayer.cpp in Sources */,
				15A3DAEE1682F8A6002FB0C5 /* SimpleAudioEngine.mm in Sources */,
				15A3DAEF1682F8A6002FB0C5 /* SimpleAudioEngine_objc.m in Sources */,
				8CC953BA18AF365D00D62EFC /* Util.cpp in Sources */,
				8CC953B618AF365D00D62EFC /* LoadingScene.cpp in Sources */,
				8CC953B818AF365D00D62EFC /* NativeBridge.cpp in Sources */,
				8CC953B218AF365D00D62EFC /* GameManager.cpp in Sources */,
				1AC3624916D4A1E8000847F2 /* AppController.mm in Sources */,
				1AC3624B16D4A1E8000847F2 /* main.m in Sources */,
				8CC953B318AF365D00D62EFC /* GameScene.cpp in Sources */,
				1AFCDA8216D4A25900906EA6 /* RootViewController.mm in Sources */,
			);
			runOnlyForDeploymentPostprocessing = 0;
		};
/* End PBXSourcesBuildPhase section */

/* Begin PBXTargetDependency section */
		15A3DA691682F881002FB0C5 /* PBXTargetDependency */ = {
			isa = PBXTargetDependency;
			name = cocos2dx;
			targetProxy = 15A3DA681682F881002FB0C5 /* PBXContainerItemProxy */;
		};
/* End PBXTargetDependency section */

/* Begin XCBuildConfiguration section */
		1D6058940D05DD3E006BFB54 /* Debug */ = {
			isa = XCBuildConfiguration;
			buildSettings = {
				ALWAYS_SEARCH_USER_PATHS = NO;
				CODE_SIGN_IDENTITY = "iPhone Developer";
				"CODE_SIGN_IDENTITY[sdk=iphoneos*]" = "iPhone Developer";
				COPY_PHASE_STRIP = NO;
				GCC_DYNAMIC_NO_PIC = NO;
				GCC_INLINES_ARE_PRIVATE_EXTERN = NO;
				GCC_OPTIMIZATION_LEVEL = 0;
				GCC_PRECOMPILE_PREFIX_HEADER = YES;
				GCC_PREFIX_HEADER = Prefix.pch;
				GCC_PREPROCESSOR_DEFINITIONS = (
					USE_FILE32API,
					CC_TARGET_OS_IPHONE,
					"COCOS2D_DEBUG=1",
					CC_ENABLE_CHIPMUNK_INTEGRATION,
				);
				GCC_SYMBOLS_PRIVATE_EXTERN = NO;
				GCC_VERSION = "";
				HEADER_SEARCH_PATHS = (
					"$(SRCROOT)/../../../CocosDenshion/include",
					"\"$(SRCROOT)/../../../external/chipmunk/include/constraints\"",
					"\"$(SRCROOT)/../../../external/chipmunk/include/chipmunk\"",
					"\"$(SRCROOT)/../../../extensions\"",
					"\"$(SRCROOT)/../../../cocos2dx/kazmath/include\"",
					"\"$(SRCROOT)/../../../external\"",
					"\"$(SRCROOT)/../../../cocos2dx\"",
					"\"$(SRCROOT)/../../../cocos2dx/include\"",
					"\"$(SRCROOT)/../../../cocos2dx/platform/third_party/ios\"",
					"\"$(SRCROOT)/../../../cocos2dx/platform/ios\"",
					"\"$(SRCROOT)/../../../cocos2dx/platform/ios/Simulation\"",
				);
				INFOPLIST_FILE = Info.plist;
				IPHONEOS_DEPLOYMENT_TARGET = 4.0;
				LIBRARY_SEARCH_PATHS = (
					"\"$(SRCROOT)/../../../external/libwebsockets/ios/lib\"",
					"\"$(SRCROOT)/../../../cocos2dx/platform/third_party/ios/libraries\"",
					"\"$(SRCROOT)\"",
				);
				OTHER_CFLAGS = "-O2";
				OTHER_LDFLAGS = "-ObjC";
				PRODUCT_NAME = "Flappy Pig";
				PROVISIONING_PROFILE = "";
				"PROVISIONING_PROFILE[sdk=iphoneos*]" = "";
				SDKROOT = iphoneos;
				TARGETED_DEVICE_FAMILY = "1,2";
				USER_HEADER_SEARCH_PATHS = "";
				VALID_ARCHS = "armv6 armv7 i386";
			};
			name = Debug;
		};
		1D6058950D05DD3E006BFB54 /* Release */ = {
			isa = XCBuildConfiguration;
			buildSettings = {
				ALWAYS_SEARCH_USER_PATHS = NO;
				CODE_SIGN_IDENTITY = "iPhone Developer";
				"CODE_SIGN_IDENTITY[sdk=iphoneos*]" = "iPhone Developer";
				COPY_PHASE_STRIP = YES;
				GCC_INLINES_ARE_PRIVATE_EXTERN = NO;
				GCC_OPTIMIZATION_LEVEL = 0;
				GCC_PRECOMPILE_PREFIX_HEADER = YES;
				GCC_PREFIX_HEADER = Prefix.pch;
				GCC_PREPROCESSOR_DEFINITIONS = (
					USE_FILE32API,
					CC_TARGET_OS_IPHONE,
					CC_ENABLE_CHIPMUNK_INTEGRATION,
				);
				GCC_SYMBOLS_PRIVATE_EXTERN = NO;
				GCC_VERSION = "";
				HEADER_SEARCH_PATHS = (
					"$(SRCROOT)/../../../CocosDenshion/include",
					"\"$(SRCROOT)/../../../external/chipmunk/include/constraints\"",
					"\"$(SRCROOT)/../../../external/chipmunk/include/chipmunk\"",
					"\"$(SRCROOT)/../../../extensions\"",
					"\"$(SRCROOT)/../../../cocos2dx/kazmath/include\"",
					"\"$(SRCROOT)/../../../external\"",
					"\"$(SRCROOT)/../../../cocos2dx\"",
					"\"$(SRCROOT)/../../../cocos2dx/include\"",
					"\"$(SRCROOT)/../../../cocos2dx/platform/third_party/ios\"",
					"\"$(SRCROOT)/../../../cocos2dx/platform/ios\"",
					"\"$(SRCROOT)/../../../cocos2dx/platform/ios/Simulation\"",
				);
				INFOPLIST_FILE = Info.plist;
				IPHONEOS_DEPLOYMENT_TARGET = 4.0;
				LIBRARY_SEARCH_PATHS = (
					"\"$(SRCROOT)/../../../external/libwebsockets/ios/lib\"",
					"\"$(SRCROOT)/../../../cocos2dx/platform/third_party/ios/libraries\"",
					"\"$(SRCROOT)\"",
				);
				OTHER_LDFLAGS = "-ObjC";
				PRODUCT_NAME = "Flappy Pig";
				PROVISIONING_PROFILE = "";
				"PROVISIONING_PROFILE[sdk=iphoneos*]" = "";
				SDKROOT = iphoneos;
				TARGETED_DEVICE_FAMILY = "1,2";
				USER_HEADER_SEARCH_PATHS = "";
				VALIDATE_PRODUCT = YES;
			};
			name = Release;
		};
		C01FCF4F08A954540054247B /* Debug */ = {
			isa = XCBuildConfiguration;
			buildSettings = {
				ARCHS = "$(ARCHS_STANDARD_32_BIT)";
				GCC_C_LANGUAGE_STANDARD = c99;
				GCC_VERSION = "";
				GCC_WARN_ABOUT_RETURN_TYPE = YES;
				GCC_WARN_UNUSED_VARIABLE = YES;
				SDKROOT = iphoneos;
				VALID_ARCHS = "armv6 armv7 i386";
			};
			name = Debug;
		};
		C01FCF5008A954540054247B /* Release */ = {
			isa = XCBuildConfiguration;
			buildSettings = {
				ARCHS = "$(ARCHS_STANDARD_32_BIT)";
				GCC_C_LANGUAGE_STANDARD = c99;
				GCC_VERSION = "";
				GCC_WARN_ABOUT_RETURN_TYPE = YES;
				GCC_WARN_UNUSED_VARIABLE = YES;
				OTHER_CFLAGS = "-DNS_BLOCK_ASSERTIONS=1";
				SDKROOT = iphoneos;
				VALID_ARCHS = "armv6 armv7 i386";
			};
			name = Release;
		};
/* End XCBuildConfiguration section */

/* Begin XCConfigurationList section */
		1D6058960D05DD3E006BFB54 /* Build configuration list for PBXNativeTarget "flypig" */ = {
			isa = XCConfigurationList;
			buildConfigurations = (
				1D6058940D05DD3E006BFB54 /* Debug */,
				1D6058950D05DD3E006BFB54 /* Release */,
			);
			defaultConfigurationIsVisible = 0;
			defaultConfigurationName = Debug;
		};
		C01FCF4E08A954540054247B /* Build configuration list for PBXProject "flypig" */ = {
			isa = XCConfigurationList;
			buildConfigurations = (
				C01FCF4F08A954540054247B /* Debug */,
				C01FCF5008A954540054247B /* Release */,
			);
			defaultConfigurationIsVisible = 0;
			defaultConfigurationName = Debug;
		};
/* End XCConfigurationList section */
	};
	rootObject = 29B97313FDCFA39411CA2CEA /* Project object */;
}
